
Microsoft Visual Studio Solution File, Format Version 12.00
# Visual Studio Version 17
VisualStudioVersion = 17.8.34309.116
MinimumVisualStudioVersion = 10.0.40219.1
Project("{2150E333-8FDC-42A3-9474-1A3956D46DE8}") = "src", "src", "{DB9F932A-0D98-4084-98E9-72FDE4049A20}"
EndProject
Project("{2150E333-8FDC-42A3-9474-1A3956D46DE8}") = "buildingBlocks", "buildingBlocks", "{58B2F275-2E4A-4A4A-8A62-B5EF367228AB}"
EndProject
Project("{2150E333-8FDC-42A3-9474-1A3956D46DE8}") = "Services", "Services", "{7AE09236-0551-45DE-9207-62F4C06962B6}"
EndProject
Project("{2150E333-8FDC-42A3-9474-1A3956D46DE8}") = "Identidade", "Identidade", "{3CCF1019-F0AF-41CF-B1E3-B0F88E70D937}"
EndProject
Project("{9A19103F-16F7-4668-BE54-9A1E7A4F7556}") = "MP.Identidade.API", "src\services\MP.Identidade.API\MP.Identidade.API.csproj", "{5E55C498-D99F-4528-83E6-7AA1F1F63B91}"
EndProject
Project("{2150E333-8FDC-42A3-9474-1A3956D46DE8}") = "Core", "Core", "{196CFA59-82AC-42C3-AC31-60CE7BC5BD65}"
EndProject
Project("{9A19103F-16F7-4668-BE54-9A1E7A4F7556}") = "MP.Core", "src\building blocks\MP.Core\MP.Core.csproj", "{9C8AE4F7-9A01-4D0E-885A-09DA7D07057E}"
EndProject
Project("{2150E333-8FDC-42A3-9474-1A3956D46DE8}") = "Cliente", "Cliente", "{76EC7859-1E1C-4173-BD56-052B36E89ECA}"
EndProject
Project("{9A19103F-16F7-4668-BE54-9A1E7A4F7556}") = "MP.Cliente.API", "src\services\MP.Cliente.API\MP.Cliente.API.csproj", "{08A3CF46-AF83-4A6C-A3C7-5625A6427FC5}"
EndProject
Project("{9A19103F-16F7-4668-BE54-9A1E7A4F7556}") = "MP_Medicos.API", "src\services\MP_Medicos.API\MP_Medicos.API.csproj", "{31E1ECAE-A2EA-4972-A80D-240B035A5D80}"
EndProject
Project("{2150E333-8FDC-42A3-9474-1A3956D46DE8}") = "Medicos", "Medicos", "{E4A952A1-673C-4783-9378-C57B866B1FE0}"
EndProject
Project("{2150E333-8FDC-42A3-9474-1A3956D46DE8}") = "Agenda", "Agenda", "{E5E30B85-FDB5-4F4F-BB4C-8760BFEC745A}"
EndProject
Project("{2150E333-8FDC-42A3-9474-1A3956D46DE8}") = "Financeiro", "Financeiro", "{F3B8E201-5421-4767-A697-98EC71E5C8CA}"
EndProject
Project("{FAE04EC0-301F-11D3-BF4B-00C04F79EFBC}") = "MP.Agenda.API", "src\services\MP.Agenda.API\MP.Agenda.API.csproj", "{19D7330E-7597-4DA6-924B-4621C78106A6}"
EndProject
Global
	GlobalSection(SolutionConfigurationPlatforms) = preSolution
		Debug|Any CPU = Debug|Any CPU
		Release|Any CPU = Release|Any CPU
	EndGlobalSection
	GlobalSection(ProjectConfigurationPlatforms) = postSolution
		{5E55C498-D99F-4528-83E6-7AA1F1F63B91}.Debug|Any CPU.ActiveCfg = Debug|Any CPU
		{5E55C498-D99F-4528-83E6-7AA1F1F63B91}.Debug|Any CPU.Build.0 = Debug|Any CPU
		{5E55C498-D99F-4528-83E6-7AA1F1F63B91}.Release|Any CPU.ActiveCfg = Release|Any CPU
		{5E55C498-D99F-4528-83E6-7AA1F1F63B91}.Release|Any CPU.Build.0 = Release|Any CPU
		{9C8AE4F7-9A01-4D0E-885A-09DA7D07057E}.Debug|Any CPU.ActiveCfg = Debug|Any CPU
		{9C8AE4F7-9A01-4D0E-885A-09DA7D07057E}.Debug|Any CPU.Build.0 = Debug|Any CPU
		{9C8AE4F7-9A01-4D0E-885A-09DA7D07057E}.Release|Any CPU.ActiveCfg = Release|Any CPU
		{9C8AE4F7-9A01-4D0E-885A-09DA7D07057E}.Release|Any CPU.Build.0 = Release|Any CPU
		{08A3CF46-AF83-4A6C-A3C7-5625A6427FC5}.Debug|Any CPU.ActiveCfg = Debug|Any CPU
		{08A3CF46-AF83-4A6C-A3C7-5625A6427FC5}.Debug|Any CPU.Build.0 = Debug|Any CPU
		{08A3CF46-AF83-4A6C-A3C7-5625A6427FC5}.Release|Any CPU.ActiveCfg = Release|Any CPU
		{08A3CF46-AF83-4A6C-A3C7-5625A6427FC5}.Release|Any CPU.Build.0 = Release|Any CPU
		{31E1ECAE-A2EA-4972-A80D-240B035A5D80}.Debug|Any CPU.ActiveCfg = Debug|Any CPU
		{31E1ECAE-A2EA-4972-A80D-240B035A5D80}.Debug|Any CPU.Build.0 = Debug|Any CPU
		{31E1ECAE-A2EA-4972-A80D-240B035A5D80}.Release|Any CPU.ActiveCfg = Release|Any CPU
		{31E1ECAE-A2EA-4972-A80D-240B035A5D80}.Release|Any CPU.Build.0 = Release|Any CPU
		{19D7330E-7597-4DA6-924B-4621C78106A6}.Debug|Any CPU.ActiveCfg = Debug|Any CPU
		{19D7330E-7597-4DA6-924B-4621C78106A6}.Debug|Any CPU.Build.0 = Debug|Any CPU
		{19D7330E-7597-4DA6-924B-4621C78106A6}.Release|Any CPU.ActiveCfg = Release|Any CPU
		{19D7330E-7597-4DA6-924B-4621C78106A6}.Release|Any CPU.Build.0 = Release|Any CPU
	EndGlobalSection
	GlobalSection(SolutionProperties) = preSolution
		HideSolutionNode = FALSE
	EndGlobalSection
	GlobalSection(NestedProjects) = preSolution
		{58B2F275-2E4A-4A4A-8A62-B5EF367228AB} = {DB9F932A-0D98-4084-98E9-72FDE4049A20}
		{7AE09236-0551-45DE-9207-62F4C06962B6} = {DB9F932A-0D98-4084-98E9-72FDE4049A20}
		{3CCF1019-F0AF-41CF-B1E3-B0F88E70D937} = {7AE09236-0551-45DE-9207-62F4C06962B6}
		{5E55C498-D99F-4528-83E6-7AA1F1F63B91} = {3CCF1019-F0AF-41CF-B1E3-B0F88E70D937}
		{196CFA59-82AC-42C3-AC31-60CE7BC5BD65} = {58B2F275-2E4A-4A4A-8A62-B5EF367228AB}
		{9C8AE4F7-9A01-4D0E-885A-09DA7D07057E} = {196CFA59-82AC-42C3-AC31-60CE7BC5BD65}
		{76EC7859-1E1C-4173-BD56-052B36E89ECA} = {7AE09236-0551-45DE-9207-62F4C06962B6}
		{08A3CF46-AF83-4A6C-A3C7-5625A6427FC5} = {76EC7859-1E1C-4173-BD56-052B36E89ECA}
		{31E1ECAE-A2EA-4972-A80D-240B035A5D80} = {E4A952A1-673C-4783-9378-C57B866B1FE0}
		{E4A952A1-673C-4783-9378-C57B866B1FE0} = {7AE09236-0551-45DE-9207-62F4C06962B6}
		{E5E30B85-FDB5-4F4F-BB4C-8760BFEC745A} = {7AE09236-0551-45DE-9207-62F4C06962B6}
		{F3B8E201-5421-4767-A697-98EC71E5C8CA} = {7AE09236-0551-45DE-9207-62F4C06962B6}
		{19D7330E-7597-4DA6-924B-4621C78106A6} = {E5E30B85-FDB5-4F4F-BB4C-8760BFEC745A}
	EndGlobalSection
	GlobalSection(ExtensibilityGlobals) = postSolution
		SolutionGuid = {A79510DD-C5BC-4842-A4A1-4D2AA1A180B2}
	EndGlobalSection
EndGlobal
